// !$*UTF8*$!
{
	archiveVersion = 1;
	classes = {
	};
	objectVersion = 46;
	objects = {

/* Begin PBXBuildFile section */
		1110B42D1CA3380A00B4BA2E /* MemeEditorView.swift in Sources */ = {isa = PBXBuildFile; fileRef = 1110B42C1CA3380A00B4BA2E /* MemeEditorView.swift */; };
		11C203D11CA1AFCA00FEFD58 /* AppDelegate.swift in Sources */ = {isa = PBXBuildFile; fileRef = 11C203D01CA1AFCA00FEFD58 /* AppDelegate.swift */; };
		11C203D31CA1AFCA00FEFD58 /* MemeEditorController.swift in Sources */ = {isa = PBXBuildFile; fileRef = 11C203D21CA1AFCA00FEFD58 /* MemeEditorController.swift */; };
		11C203D61CA1AFCA00FEFD58 /* Main.storyboard in Resources */ = {isa = PBXBuildFile; fileRef = 11C203D41CA1AFCA00FEFD58 /* Main.storyboard */; };
		11C203D81CA1AFCA00FEFD58 /* Assets.xcassets in Resources */ = {isa = PBXBuildFile; fileRef = 11C203D71CA1AFCA00FEFD58 /* Assets.xcassets */; };
		11C203DB1CA1AFCA00FEFD58 /* LaunchScreen.storyboard in Resources */ = {isa = PBXBuildFile; fileRef = 11C203D91CA1AFCA00FEFD58 /* LaunchScreen.storyboard */; };
		11C203E61CA1F73100FEFD58 /* Meme.swift in Sources */ = {isa = PBXBuildFile; fileRef = 11C203E51CA1F73100FEFD58 /* Meme.swift */; };
		11C203E91CA1FD0C00FEFD58 /* MemeMeAPI.swift in Sources */ = {isa = PBXBuildFile; fileRef = 11C203E81CA1FD0C00FEFD58 /* MemeMeAPI.swift */; };
		11C203EB1CA1FD4100FEFD58 /* PersistencyManager.swift in Sources */ = {isa = PBXBuildFile; fileRef = 11C203EA1CA1FD4100FEFD58 /* PersistencyManager.swift */; };
/* End PBXBuildFile section */

/* Begin PBXFileReference section */
		1110B42C1CA3380A00B4BA2E /* MemeEditorView.swift */ = {isa = PBXFileReference; fileEncoding = 4; lastKnownFileType = sourcecode.swift; path = MemeEditorView.swift; sourceTree = "<group>"; };
		11C203CD1CA1AFCA00FEFD58 /* MemeMe.app */ = {isa = PBXFileReference; explicitFileType = wrapper.application; includeInIndex = 0; path = MemeMe.app; sourceTree = BUILT_PRODUCTS_DIR; };
		11C203D01CA1AFCA00FEFD58 /* AppDelegate.swift */ = {isa = PBXFileReference; lastKnownFileType = sourcecode.swift; path = AppDelegate.swift; sourceTree = "<group>"; };
		11C203D21CA1AFCA00FEFD58 /* MemeEditorController.swift */ = {isa = PBXFileReference; lastKnownFileType = sourcecode.swift; path = MemeEditorController.swift; sourceTree = "<group>"; };
		11C203D51CA1AFCA00FEFD58 /* Base */ = {isa = PBXFileReference; lastKnownFileType = file.storyboard; name = Base; path = Base.lproj/Main.storyboard; sourceTree = "<group>"; };
		11C203D71CA1AFCA00FEFD58 /* Assets.xcassets */ = {isa = PBXFileReference; lastKnownFileType = folder.assetcatalog; path = Assets.xcassets; sourceTree = "<group>"; };
		11C203DA1CA1AFCA00FEFD58 /* Base */ = {isa = PBXFileReference; lastKnownFileType = file.storyboard; name = Base; path = Base.lproj/LaunchScreen.storyboard; sourceTree = "<group>"; };
		11C203DC1CA1AFCA00FEFD58 /* Info.plist */ = {isa = PBXFileReference; lastKnownFileType = text.plist.xml; path = Info.plist; sourceTree = "<group>"; };
		11C203E51CA1F73100FEFD58 /* Meme.swift */ = {isa = PBXFileReference; fileEncoding = 4; lastKnownFileType = sourcecode.swift; path = Meme.swift; sourceTree = "<group>"; };
		11C203E81CA1FD0C00FEFD58 /* MemeMeAPI.swift */ = {isa = PBXFileReference; fileEncoding = 4; lastKnownFileType = sourcecode.swift; path = MemeMeAPI.swift; sourceTree = "<group>"; };
		11C203EA1CA1FD4100FEFD58 /* PersistencyManager.swift */ = {isa = PBXFileReference; fileEncoding = 4; lastKnownFileType = sourcecode.swift; path = PersistencyManager.swift; sourceTree = "<group>"; };
/* End PBXFileReference section */

/* Begin PBXFrameworksBuildPhase section */
		11C203CA1CA1AFCA00FEFD58 /* Frameworks */ = {
			isa = PBXFrameworksBuildPhase;
			buildActionMask = 2147483647;
			files = (
			);
			runOnlyForDeploymentPostprocessing = 0;
		};
/* End PBXFrameworksBuildPhase section */

/* Begin PBXGroup section */
		11C203C41CA1AFCA00FEFD58 = {
			isa = PBXGroup;
			children = (
				11C203CF1CA1AFCA00FEFD58 /* MemeMe */,
				11C203CE1CA1AFCA00FEFD58 /* Products */,
			);
			sourceTree = "<group>";
		};
		11C203CE1CA1AFCA00FEFD58 /* Products */ = {
			isa = PBXGroup;
			children = (
				11C203CD1CA1AFCA00FEFD58 /* MemeMe.app */,
			);
			name = Products;
			sourceTree = "<group>";
		};
		11C203CF1CA1AFCA00FEFD58 /* MemeMe */ = {
			isa = PBXGroup;
			children = (
				11C203E71CA1FCFF00FEFD58 /* API */,
				11C203E41CA1E4AE00FEFD58 /* Model */,
				11C203E31CA1E4A600FEFD58 /* View */,
				11C203E21CA1E49300FEFD58 /* Controller */,
				11C203D01CA1AFCA00FEFD58 /* AppDelegate.swift */,
				11C203D41CA1AFCA00FEFD58 /* Main.storyboard */,
				11C203D71CA1AFCA00FEFD58 /* Assets.xcassets */,
				11C203D91CA1AFCA00FEFD58 /* LaunchScreen.storyboard */,
				11C203DC1CA1AFCA00FEFD58 /* Info.plist */,
			);
			path = MemeMe;
			sourceTree = "<group>";
		};
		11C203E21CA1E49300FEFD58 /* Controller */ = {
			isa = PBXGroup;
			children = (
				11C203D21CA1AFCA00FEFD58 /* MemeEditorController.swift */,
			);
			name = Controller;
			sourceTree = "<group>";
		};
		11C203E31CA1E4A600FEFD58 /* View */ = {
			isa = PBXGroup;
			children = (
				1110B42C1CA3380A00B4BA2E /* MemeEditorView.swift */,
			);
			name = View;
			sourceTree = "<group>";
		};
		11C203E41CA1E4AE00FEFD58 /* Model */ = {
			isa = PBXGroup;
			children = (
				11C203E51CA1F73100FEFD58 /* Meme.swift */,
			);
			name = Model;
			sourceTree = "<group>";
		};
		11C203E71CA1FCFF00FEFD58 /* API */ = {
			isa = PBXGroup;
			children = (
				11C203E81CA1FD0C00FEFD58 /* MemeMeAPI.swift */,
				11C203EA1CA1FD4100FEFD58 /* PersistencyManager.swift */,
			);
			name = API;
			sourceTree = "<group>";
		};
/* End PBXGroup section */

/* Begin PBXNativeTarget section */
		11C203CC1CA1AFCA00FEFD58 /* MemeMe */ = {
			isa = PBXNativeTarget;
			buildConfigurationList = 11C203DF1CA1AFCA00FEFD58 /* Build configuration list for PBXNativeTarget "MemeMe" */;
			buildPhases = (
				11C203C91CA1AFCA00FEFD58 /* Sources */,
				11C203CA1CA1AFCA00FEFD58 /* Frameworks */,
				11C203CB1CA1AFCA00FEFD58 /* Resources */,
			);
			buildRules = (
			);
			dependencies = (
			);
			name = MemeMe;
			productName = MemeMe;
			productReference = 11C203CD1CA1AFCA00FEFD58 /* MemeMe.app */;
			productType = "com.apple.product-type.application";
		};
/* End PBXNativeTarget section */

/* Begin PBXProject section */
		11C203C51CA1AFCA00FEFD58 /* Project object */ = {
			isa = PBXProject;
			attributes = {
				LastSwiftUpdateCheck = 0720;
				LastUpgradeCheck = 0720;
				ORGANIZATIONNAME = kysieksoftware;
				TargetAttributes = {
					11C203CC1CA1AFCA00FEFD58 = {
						CreatedOnToolsVersion = 7.2.1;
						DevelopmentTeam = WMF7W9X566;
					};
				};
			};
			buildConfigurationList = 11C203C81CA1AFCA00FEFD58 /* Build configuration list for PBXProject "MemeMe" */;
			compatibilityVersion = "Xcode 3.2";
			developmentRegion = English;
			hasScannedForEncodings = 0;
			knownRegions = (
				en,
				Base,
			);
			mainGroup = 11C203C41CA1AFCA00FEFD58;
			productRefGroup = 11C203CE1CA1AFCA00FEFD58 /* Products */;
			projectDirPath = "";
			projectRoot = "";
			targets = (
				11C203CC1CA1AFCA00FEFD58 /* MemeMe */,
			);
		};
/* End PBXProject section */

/* Begin PBXResourcesBuildPhase section */
		11C203CB1CA1AFCA00FEFD58 /* Resources */ = {
			isa = PBXResourcesBuildPhase;
			buildActionMask = 2147483647;
			files = (
				11C203DB1CA1AFCA00FEFD58 /* LaunchScreen.storyboard in Resources */,
				11C203D81CA1AFCA00FEFD58 /* Assets.xcassets in Resources */,
				11C203D61CA1AFCA00FEFD58 /* Main.storyboard in Resources */,
			);
			runOnlyForDeploymentPostprocessing = 0;
		};
/* End PBXResourcesBuildPhase section */

/* Begin PBXSourcesBuildPhase section */
		11C203C91CA1AFCA00FEFD58 /* Sources */ = {
			isa = PBXSourcesBuildPhase;
			buildActionMask = 2147483647;
			files = (
				11C203EB1CA1FD4100FEFD58 /* PersistencyManager.swift in Sources */,
				11C203E61CA1F73100FEFD58 /* Meme.swift in Sources */,
				11C203D31CA1AFCA00FEFD58 /* MemeEditorController.swift in Sources */,
				11C203E91CA1FD0C00FEFD58 /* MemeMeAPI.swift in Sources */,
				11C203D11CA1AFCA00FEFD58 /* AppDelegate.swift in Sources */,
				1110B42D1CA3380A00B4BA2E /* MemeEditorView.swift in Sources */,
			);
			runOnlyForDeploymentPostprocessing = 0;
		};
/* End PBXSourcesBuildPhase section */

/* Begin PBXVariantGroup section */
		11C203D41CA1AFCA00FEFD58 /* Main.storyboard */ = {
			isa = PBXVariantGroup;
			children = (
				11C203D51CA1AFCA00FEFD58 /* Base */,
			);
			name = Main.storyboard;
			sourceTree = "<group>";
		};
		11C203D91CA1AFCA00FEFD58 /* LaunchScreen.storyboard */ = {
			isa = PBXVariantGroup;
			children = (
				11C203DA1CA1AFCA00FEFD58 /* Base */,
			);
			name = LaunchScreen.storyboard;
			sourceTree = "<group>";
		};
/* End PBXVariantGroup section */

/* Begin XCBuildConfiguration section */
		11C203DD1CA1AFCA00FEFD58 /* Debug */ = {
			isa = XCBuildConfiguration;
			buildSettings = {
				ALWAYS_SEARCH_USER_PATHS = NO;
				CLANG_CXX_LANGUAGE_STANDARD = "gnu++0x";
				CLANG_CXX_LIBRARY = "libc++";
				CLANG_ENABLE_MODULES = YES;
				CLANG_ENABLE_OBJC_ARC = YES;
				CLANG_WARN_BOOL_CONVERSION = YES;
				CLANG_WARN_CONSTANT_CONVERSION = YES;
				CLANG_WARN_DIRECT_OBJC_ISA_USAGE = YES_ERROR;
				CLANG_WARN_EMPTY_BODY = YES;
				CLANG_WARN_ENUM_CONVERSION = YES;
				CLANG_WARN_INT_CONVERSION = YES;
				CLANG_WARN_OBJC_ROOT_CLASS = YES_ERROR;
				CLANG_WARN_UNREACHABLE_CODE = YES;
				CLANG_WARN__DUPLICATE_METHOD_MATCH = YES;
				"CODE_SIGN_IDENTITY[sdk=iphoneos*]" = "iPhone Developer";
				COPY_PHASE_STRIP = NO;
				DEBUG_INFORMATION_FORMAT = dwarf;
				ENABLE_STRICT_OBJC_MSGSEND = YES;
				ENABLE_TESTABILITY = YES;
				GCC_C_LANGUAGE_STANDARD = gnu99;
				GCC_DYNAMIC_NO_PIC = NO;
				GCC_NO_COMMON_BLOCKS = YES;
				GCC_OPTIMIZATION_LEVEL = 0;
				GCC_PREPROCESSOR_DEFINITIONS = (
					"DEBUG=1",
					"$(inherited)",
				);
				GCC_WARN_64_TO_32_BIT_CONVERSION = YES;
				GCC_WARN_ABOUT_RETURN_TYPE = YES_ERROR;
				GCC_WARN_UNDECLARED_SELECTOR = YES;
				GCC_WARN_UNINITIALIZED_AUTOS = YES_AGGRESSIVE;
				GCC_WARN_UNUSED_FUNCTION = YES;
				GCC_WARN_UNUSED_VARIABLE = YES;
				IPHONEOS_DEPLOYMENT_TARGET = 9.2;
				MTL_ENABLE_DEBUG_INFO = YES;
				ONLY_ACTIVE_ARCH = YES;
				SDKROOT = iphoneos;
				SWIFT_OPTIMIZATION_LEVEL = "-Onone";
			};
			name = Debug;
		};
		11C203DE1CA1AFCA00FEFD58 /* Release */ = {
			isa = XCBuildConfiguration;
			buildSettings = {
				ALWAYS_SEARCH_USER_PATHS = NO;
				CLANG_CXX_LANGUAGE_STANDARD = "gnu++0x";
				CLANG_CXX_LIBRARY = "libc++";
				CLANG_ENABLE_MODULES = YES;
				CLANG_ENABLE_OBJC_ARC = YES;
				CLANG_WARN_BOOL_CONVERSION = YES;
				CLANG_WARN_CONSTANT_CONVERSION = YES;
				CLANG_WARN_DIRECT_OBJC_ISA_USAGE = YES_ERROR;
				CLANG_WARN_EMPTY_BODY = YES;
				CLANG_WARN_ENUM_CONVERSION = YES;
				CLANG_WARN_INT_CONVERSION = YES;
				CLANG_WARN_OBJC_ROOT_CLASS = YES_ERROR;
				CLANG_WARN_UNREACHABLE_CODE = YES;
				CLANG_WARN__DUPLICATE_METHOD_MATCH = YES;
				"CODE_SIGN_IDENTITY[sdk=iphoneos*]" = "iPhone Developer";
				COPY_PHASE_STRIP = NO;
				DEBUG_INFORMATION_FORMAT = "dwarf-with-dsym";
				ENABLE_NS_ASSERTIONS = NO;
				ENABLE_STRICT_OBJC_MSGSEND = YES;
				GCC_C_LANGUAGE_STANDARD = gnu99;
				GCC_NO_COMMON_BLOCKS = YES;
				GCC_WARN_64_TO_32_BIT_CONVERSION = YES;
				GCC_WARN_ABOUT_RETURN_TYPE = YES_ERROR;
				GCC_WARN_UNDECLARED_SELECTOR = YES;
				GCC_WARN_UNINITIALIZED_AUTOS = YES_AGGRESSIVE;
				GCC_WARN_UNUSED_FUNCTION = YES;
				GCC_WARN_UNUSED_VARIABLE = YES;
				IPHONEOS_DEPLOYMENT_TARGET = 9.2;
				MTL_ENABLE_DEBUG_INFO = NO;
				SDKROOT = iphoneos;
				VALIDATE_PRODUCT = YES;
			};
			name = Release;
		};
		11C203E01CA1AFCA00FEFD58 /* Debug */ = {
			isa = XCBuildConfiguration;
			buildSettings = {
				ASSETCATALOG_COMPILER_APPICON_NAME = AppIcon;
				INFOPLIST_FILE = MemeMe/Info.plist;
				LD_RUNPATH_SEARCH_PATHS = "$(inherited) @executable_path/Frameworks";
				PRODUCT_BUNDLE_IDENTIFIER = com.kysieksoftware.MemeMe;
				PRODUCT_NAME = "$(TARGET_NAME)";
			};
			name = Debug;
		};
		11C203E11CA1AFCA00FEFD58 /* Release */ = {
			isa = XCBuildConfiguration;
			buildSettings = {
				ASSETCATALOG_COMPILER_APPICON_NAME = AppIcon;
				INFOPLIST_FILE = MemeMe/Info.plist;
				LD_RUNPATH_SEARCH_PATHS = "$(inherited) @executable_path/Frameworks";
				PRODUCT_BUNDLE_IDENTIFIER = com.kysieksoftware.MemeMe;
				PRODUCT_NAME = "$(TARGET_NAME)";
			};
			name = Release;
		};
/* End XCBuildConfiguration section */

/* Begin XCConfigurationList section */
		11C203C81CA1AFCA00FEFD58 /* Build configuration list for PBXProject "MemeMe" */ = {
			isa = XCConfigurationList;
			buildConfigurations = (
				11C203DD1CA1AFCA00FEFD58 /* Debug */,
				11C203DE1CA1AFCA00FEFD58 /* Release */,
			);
			defaultConfigurationIsVisible = 0;
			defaultConfigurationName = Release;
		};
		11C203DF1CA1AFCA00FEFD58 /* Build configuration list for PBXNativeTarget "MemeMe" */ = {
			isa = XCConfigurationList;
			buildConfigurations = (
				11C203E01CA1AFCA00FEFD58 /* Debug */,
				11C203E11CA1AFCA00FEFD58 /* Release */,
			);
			defaultConfigurationIsVisible = 0;
			defaultConfigurationName = Release;
		};
/* End XCConfigurationList section */
	};
	rootObject = 11C203C51CA1AFCA00FEFD58 /* Project object */;
}
